// !$*UTF8*$!
{
	archiveVersion = 1;
	classes = {
	};
	objectVersion = 46;
	objects = {

/* Begin PBXBuildFile section */
		ABEA9BB91D2C280800A67224 /* StickerPackExtension.appex in Embed App Extensions */ = {isa = PBXBuildFile; fileRef = ABEA9BB81D2C280800A67224 /* StickerPackExtension.appex */; settings = {ATTRIBUTES = (RemoveHeadersOnCopy, ); }; };
		ABEA9BBD1D2C280800A67224 /* Stickers.xcstickers in Resources */ = {isa = PBXBuildFile; fileRef = ABEA9BBC1D2C280800A67224 /* Stickers.xcstickers */; };
		ABEA9BBE1D2C280800A67224 /* Stickers.xcstickers in Resources */ = {isa = PBXBuildFile; fileRef = ABEA9BBC1D2C280800A67224 /* Stickers.xcstickers */; };
/* End PBXBuildFile section */

/* Begin PBXContainerItemProxy section */
		ABEA9BBA1D2C280800A67224 /* PBXContainerItemProxy */ = {
			isa = PBXContainerItemProxy;
			containerPortal = ABEA9BAE1D2C280800A67224 /* Project object */;
			proxyType = 1;
			remoteGlobalIDString = ABEA9BB71D2C280800A67224;
			remoteInfo = StickerPackExtension;
		};
/* End PBXContainerItemProxy section */

/* Begin PBXCopyFilesBuildPhase section */
		ABEA9BC41D2C280800A67224 /* Embed App Extensions */ = {
			isa = PBXCopyFilesBuildPhase;
			buildActionMask = 2147483647;
			dstPath = "";
			dstSubfolderSpec = 13;
			files = (
				ABEA9BB91D2C280800A67224 /* StickerPackExtension.appex in Embed App Extensions */,
			);
			name = "Embed App Extensions";
			runOnlyForDeploymentPostprocessing = 0;
		};
/* End PBXCopyFilesBuildPhase section */

/* Begin PBXFileReference section */
		ABEA9BB41D2C280800A67224 /* TheCodeNinjaMessagesDemo.app */ = {isa = PBXFileReference; explicitFileType = wrapper.application; includeInIndex = 0; path = TheCodeNinjaMessagesDemo.app; sourceTree = BUILT_PRODUCTS_DIR; };
		ABEA9BB81D2C280800A67224 /* StickerPackExtension.appex */ = {isa = PBXFileReference; explicitFileType = "wrapper.app-extension"; includeInIndex = 0; path = StickerPackExtension.appex; sourceTree = BUILT_PRODUCTS_DIR; };
		ABEA9BBC1D2C280800A67224 /* Stickers.xcstickers */ = {isa = PBXFileReference; lastKnownFileType = folder.stickers; name = Stickers.xcstickers; path = StickerPackExtension/Stickers.xcstickers; sourceTree = "<group>"; };
/* End PBXFileReference section */

/* Begin PBXGroup section */
		ABEA9BAD1D2C280800A67224 = {
			isa = PBXGroup;
			children = (
				ABEA9BBC1D2C280800A67224 /* Stickers.xcstickers */,
				ABEA9BB51D2C280800A67224 /* Products */,
			);
			sourceTree = "<group>";
		};
		ABEA9BB51D2C280800A67224 /* Products */ = {
			isa = PBXGroup;
			children = (
				ABEA9BB41D2C280800A67224 /* TheCodeNinjaMessagesDemo.app */,
				ABEA9BB81D2C280800A67224 /* StickerPackExtension.appex */,
			);
			name = Products;
			sourceTree = "<group>";
		};
/* End PBXGroup section */

/* Begin PBXNativeTarget section */
		ABEA9BB31D2C280800A67224 /* TheCodeNinjaMessagesDemo */ = {
			isa = PBXNativeTarget;
			buildConfigurationList = ABEA9BC51D2C280800A67224 /* Build configuration list for PBXNativeTarget "TheCodeNinjaMessagesDemo" */;
			buildPhases = (
				ABEA9BB21D2C280800A67224 /* Resources */,
				ABEA9BC41D2C280800A67224 /* Embed App Extensions */,
			);
			buildRules = (
			);
			dependencies = (
				ABEA9BBB1D2C280800A67224 /* PBXTargetDependency */,
			);
			name = TheCodeNinjaMessagesDemo;
			productName = TheCodeNinjaMessagesDemo;
			productReference = ABEA9BB41D2C280800A67224 /* TheCodeNinjaMessagesDemo.app */;
			productType = "com.apple.product-type.application.messages";
		};
		ABEA9BB71D2C280800A67224 /* StickerPackExtension */ = {
			isa = PBXNativeTarget;
			buildConfigurationList = ABEA9BC11D2C280800A67224 /* Build configuration list for PBXNativeTarget "StickerPackExtension" */;
			buildPhases = (
				ABEA9BB61D2C280800A67224 /* Resources */,
			);
			buildRules = (
			);
			dependencies = (
			);
			name = StickerPackExtension;
			productName = StickerPackExtension;
			productReference = ABEA9BB81D2C280800A67224 /* StickerPackExtension.appex */;
			productType = "com.apple.product-type.app-extension.messages-sticker-pack";
		};
/* End PBXNativeTarget section */

/* Begin PBXProject section */
		ABEA9BAE1D2C280800A67224 /* Project object */ = {
			isa = PBXProject;
			attributes = {
				LastUpgradeCheck = 0800;
				ORGANIZATIONNAME = satheeshwaran;
				TargetAttributes = {
					ABEA9BB31D2C280800A67224 = {
						CreatedOnToolsVersion = 8.0;
						DevelopmentTeam = 3USRSNY524;
						DevelopmentTeamName = "Satheeshwaran J (Personal Team)";
						ProvisioningStyle = Automatic;
					};
					ABEA9BB71D2C280800A67224 = {
						CreatedOnToolsVersion = 8.0;
						DevelopmentTeam = 3USRSNY524;
						DevelopmentTeamName = "Satheeshwaran J (Personal Team)";
						ProvisioningStyle = Automatic;
					};
				};
			};
			buildConfigurationList = ABEA9BB11D2C280800A67224 /* Build configuration list for PBXProject "TheCodeNinjaMessagesDemo" */;
			compatibilityVersion = "Xcode 3.2";
			developmentRegion = English;
			hasScannedForEncodings = 0;
			knownRegions = (
				en,
			);
			mainGroup = ABEA9BAD1D2C280800A67224;
			productRefGroup = ABEA9BB51D2C280800A67224 /* Products */;
			projectDirPath = "";
			projectRoot = "";
			targets = (
				ABEA9BB31D2C280800A67224 /* TheCodeNinjaMessagesDemo */,
				ABEA9BB71D2C280800A67224 /* StickerPackExtension */,
			);
		};
/* End PBXProject section */

/* Begin PBXResourcesBuildPhase section */
		ABEA9BB21D2C280800A67224 /* Resources */ = {
			isa = PBXResourcesBuildPhase;
			buildActionMask = 2147483647;
			files = (
				ABEA9BBE1D2C280800A67224 /* Stickers.xcstickers in Resources */,
			);
			runOnlyForDeploymentPostprocessing = 0;
		};
		ABEA9BB61D2C280800A67224 /* Resources */ = {
			isa = PBXResourcesBuildPhase;
			buildActionMask = 2147483647;
			files = (
				ABEA9BBD1D2C280800A67224 /* Stickers.xcstickers in Resources */,
			);
			runOnlyForDeploymentPostprocessing = 0;
		};
/* End PBXResourcesBuildPhase section */

/* Begin PBXTargetDependency section */
		ABEA9BBB1D2C280800A67224 /* PBXTargetDependency */ = {
			isa = PBXTargetDependency;
			target = ABEA9BB71D2C280800A67224 /* StickerPackExtension */;
			targetProxy = ABEA9BBA1D2C280800A67224 /* PBXContainerItemProxy */;
		};
/* End PBXTargetDependency section */

/* Begin XCBuildConfiguration section */
		ABEA9BBF1D2C280800A67224 /* Debug */ = {
			isa = XCBuildConfiguration;
			buildSettings = {
				ALWAYS_SEARCH_USER_PATHS = NO;
				CLANG_ANALYZER_NONNULL = YES;
				CLANG_CXX_LANGUAGE_STANDARD = "gnu++0x";
				CLANG_CXX_LIBRARY = "libc++";
				CLANG_ENABLE_MODULES = YES;
				CLANG_ENABLE_OBJC_ARC = YES;
				CLANG_WARN_BOOL_CONVERSION = YES;
				CLANG_WARN_CONSTANT_CONVERSION = YES;
				CLANG_WARN_DIRECT_OBJC_ISA_USAGE = YES_ERROR;
				CLANG_WARN_DOCUMENTATION_COMMENTS = YES;
				CLANG_WARN_EMPTY_BODY = YES;
				CLANG_WARN_ENUM_CONVERSION = YES;
				CLANG_WARN_INT_CONVERSION = YES;
				CLANG_WARN_OBJC_ROOT_CLASS = YES_ERROR;
				CLANG_WARN_UNREACHABLE_CODE = YES;
				CLANG_WARN__DUPLICATE_METHOD_MATCH = YES;
				"CODE_SIGN_IDENTITY[sdk=iphoneos*]" = "iPhone Developer";
				COPY_PHASE_STRIP = NO;
				DEBUG_INFORMATION_FORMAT = dwarf;
				ENABLE_STRICT_OBJC_MSGSEND = YES;
				ENABLE_TESTABILITY = YES;
				GCC_C_LANGUAGE_STANDARD = gnu99;
				GCC_DYNAMIC_NO_PIC = NO;
				GCC_NO_COMMON_BLOCKS = YES;
				GCC_OPTIMIZATION_LEVEL = 0;
				GCC_PREPROCESSOR_DEFINITIONS = (
					"DEBUG=1",
					"$(inherited)",
				);
				GCC_WARN_64_TO_32_BIT_CONVERSION = YES;
				GCC_WARN_ABOUT_RETURN_TYPE = YES_ERROR;
				GCC_WARN_UNDECLARED_SELECTOR = YES;
				GCC_WARN_UNINITIALIZED_AUTOS = YES_AGGRESSIVE;
				GCC_WARN_UNUSED_FUNCTION = YES;
				GCC_WARN_UNUSED_VARIABLE = YES;
				IPHONEOS_DEPLOYMENT_TARGET = 10.0;
				MTL_ENABLE_DEBUG_INFO = YES;
				ONLY_ACTIVE_ARCH = YES;
				SDKROOT = iphoneos;
			};
			name = Debug;
		};
		ABEA9BC01D2C280800A67224 /* Release */ = {
			isa = XCBuildConfiguration;
			buildSettings = {
				ALWAYS_SEARCH_USER_PATHS = NO;
				CLANG_ANALYZER_NONNULL = YES;
				CLANG_CXX_LANGUAGE_STANDARD = "gnu++0x";
				CLANG_CXX_LIBRARY = "libc++";
				CLANG_ENABLE_MODULES = YES;
				CLANG_ENABLE_OBJC_ARC = YES;
				CLANG_WARN_BOOL_CONVERSION = YES;
				CLANG_WARN_CONSTANT_CONVERSION = YES;
				CLANG_WARN_DIRECT_OBJC_ISA_USAGE = YES_ERROR;
				CLANG_WARN_DOCUMENTATION_COMMENTS = YES;
				CLANG_WARN_EMPTY_BODY = YES;
				CLANG_WARN_ENUM_CONVERSION = YES;
				CLANG_WARN_INT_CONVERSION = YES;
				CLANG_WARN_OBJC_ROOT_CLASS = YES_ERROR;
				CLANG_WARN_UNREACHABLE_CODE = YES;
				CLANG_WARN__DUPLICATE_METHOD_MATCH = YES;
				"CODE_SIGN_IDENTITY[sdk=iphoneos*]" = "iPhone Developer";
				COPY_PHASE_STRIP = NO;
				DEBUG_INFORMATION_FORMAT = "dwarf-with-dsym";
				ENABLE_NS_ASSERTIONS = NO;
				ENABLE_STRICT_OBJC_MSGSEND = YES;
				GCC_C_LANGUAGE_STANDARD = gnu99;
				GCC_NO_COMMON_BLOCKS = YES;
				GCC_WARN_64_TO_32_BIT_CONVERSION = YES;
				GCC_WARN_ABOUT_RETURN_TYPE = YES_ERROR;
				GCC_WARN_UNDECLARED_SELECTOR = YES;
				GCC_WARN_UNINITIALIZED_AUTOS = YES_AGGRESSIVE;
				GCC_WARN_UNUSED_FUNCTION = YES;
				GCC_WARN_UNUSED_VARIABLE = YES;
				IPHONEOS_DEPLOYMENT_TARGET = 10.0;
				MTL_ENABLE_DEBUG_INFO = NO;
				SDKROOT = iphoneos;
				VALIDATE_PRODUCT = YES;
			};
			name = Release;
		};
		ABEA9BC21D2C280800A67224 /* Debug */ = {
			isa = XCBuildConfiguration;
			buildSettings = {
				ASSETCATALOG_COMPILER_APPICON_NAME = "iMessage App Icon";
				INFOPLIST_FILE = StickerPackExtension/Info.plist;
				PRODUCT_BUNDLE_IDENTIFIER = com.satheeshwaran.TheCodeNinjaMessagesDemo.StickerPackExtension;
				PRODUCT_NAME = "$(TARGET_NAME)";
				SKIP_INSTALL = YES;
			};
			name = Debug;
		};
		ABEA9BC31D2C280800A67224 /* Release */ = {
			isa = XCBuildConfiguration;
			buildSettings = {
				ASSETCATALOG_COMPILER_APPICON_NAME = "iMessage App Icon";
				INFOPLIST_FILE = StickerPackExtension/Info.plist;
				PRODUCT_BUNDLE_IDENTIFIER = com.satheeshwaran.TheCodeNinjaMessagesDemo.StickerPackExtension;
				PRODUCT_NAME = "$(TARGET_NAME)";
				SKIP_INSTALL = YES;
			};
			name = Release;
		};
		ABEA9BC61D2C280800A67224 /* Debug */ = {
			isa = XCBuildConfiguration;
			buildSettings = {
				ASSETCATALOG_COMPILER_APPICON_NAME = "iMessage App Icon";
				INFOPLIST_FILE = TheCodeNinjaMessagesDemo/Info.plist;
				PRODUCT_BUNDLE_IDENTIFIER = com.satheeshwaran.TheCodeNinjaMessagesDemo;
				PRODUCT_NAME = "$(TARGET_NAME)";
				TARGETED_DEVICE_FAMILY = "1,2";
			};
			name = Debug;
		};
		ABEA9BC71D2C280800A67224 /* Release */ = {
			isa = XCBuildConfiguration;
			buildSettings = {
				ASSETCATALOG_COMPILER_APPICON_NAME = "iMessage App Icon";
				INFOPLIST_FILE = TheCodeNinjaMessagesDemo/Info.plist;
				PRODUCT_BUNDLE_IDENTIFIER = com.satheeshwaran.TheCodeNinjaMessagesDemo;
				PRODUCT_NAME = "$(TARGET_NAME)";
				TARGETED_DEVICE_FAMILY = "1,2";
			};
			name = Release;
		};
/* End XCBuildConfiguration section */

/* Begin XCConfigurationList section */
		ABEA9BB11D2C280800A67224 /* Build configuration list for PBXProject "TheCodeNinjaMessagesDemo" */ = {
			isa = XCConfigurationList;
			buildConfigurations = (
				ABEA9BBF1D2C280800A67224 /* Debug */,
				ABEA9BC01D2C280800A67224 /* Release */,
			);
			defaultConfigurationIsVisible = 0;
			defaultConfigurationName = Release;
		};
		ABEA9BC11D2C280800A67224 /* Build configuration list for PBXNativeTarget "StickerPackExtension" */ = {
			isa = XCConfigurationList;
			buildConfigurations = (
				ABEA9BC21D2C280800A67224 /* Debug */,
				ABEA9BC31D2C280800A67224 /* Release */,
			);
			defaultConfigurationIsVisible = 0;
		};
		ABEA9BC51D2C280800A67224 /* Build configuration list for PBXNativeTarget "TheCodeNinjaMessagesDemo" */ = {
			isa = XCConfigurationList;
			buildConfigurations = (
				ABEA9BC61D2C280800A67224 /* Debug */,
				ABEA9BC71D2C280800A67224 /* Release */,
			);
			defaultConfigurationIsVisible = 0;
		};
/* End XCConfigurationList section */
	};
	rootObject = ABEA9BAE1D2C280800A67224 /* Project object */;
}
